<?xml version="1.0" encoding="UTF-8"?>
<CONFIG>
  <ProjectOptions>
    <Version Value="9"/>
    <PathDelim Value="\"/>
    <General>
      <MainUnit Value="0"/>
      <UseXPManifest Value="True"/>
      <Icon Value="0"/>
    </General>
    <VersionInfo>
      <Language Value=""/>
      <CharSet Value=""/>
      <StringTable ProductVersion=""/>
    </VersionInfo>
    <BuildModes Count="1">
      <Item1 Name="default" Default="True"/>
    </BuildModes>
    <PublishOptions>
      <Version Value="2"/>
      <IgnoreBinaries Value="False"/>
      <IncludeFileFilter Value="*.(pas|pp|inc|lfm|lpr|lrs|lpi|lpk|sh|xml)"/>
      <ExcludeFileFilter Value="*.(bak|ppu|ppw|o|so);*~;backup"/>
    </PublishOptions>
    <RunParams>
      <local>
        <FormatVersion Value="1"/>
        <LaunchingApplication PathPlusParams="/usr/X11R6/bin/xterm -T 'Lazarus Run Output' -e $(LazarusDir)/tools/runwait.sh $(TargetCmdLine)"/>
      </local>
    </RunParams>
    <RequiredPackages Count="2">
      <Item1>
        <PackageName Value="LedShapePacket"/>
        <MinVersion Valid="True"/>
      </Item1>
      <Item2>
        <PackageName Value="LCL"/>
      </Item2>
    </RequiredPackages>
    <Units Count="8">
      <Unit0>
        <Filename Value="led_sim.lpr"/>
        <IsPartOfProject Value="True"/>
        <EditorIndex Value="2"/>
        <CursorPos X="8" Y="14"/>
        <UsageCount Value="35"/>
        <Loaded Value="True"/>
        <LoadedDesigner Value="True"/>
      </Unit0>
      <Unit1>
        <Filename Value="main.pas"/>
        <IsPartOfProject Value="True"/>
        <ComponentName Value="Form1"/>
        <HasResources Value="True"/>
        <ResourceBaseClass Value="Form"/>
        <UnitName Value="main"/>
        <TopLine Value="10"/>
        <CursorPos X="29" Y="65"/>
        <UsageCount Value="35"/>
        <Loaded Value="True"/>
        <LoadedDesigner Value="True"/>
      </Unit1>
      <Unit2>
        <Filename Value="..\..\components\ledshape\ledshape.pas"/>
        <EditorIndex Value="-1"/>
        <TopLine Value="81"/>
        <CursorPos X="5" Y="88"/>
        <UsageCount Value="18"/>
      </Unit2>
      <Unit3>
        <Filename Value="..\..\fpc\2.2.4\source\rtl\inc\objpash.inc"/>
        <TopLine Value="141"/>
        <CursorPos X="22" Y="153"/>
        <UsageCount Value="9"/>
      </Unit3>
      <Unit4>
        <Filename Value="..\..\fpc\2.2.4\source\rtl\inc\objpas.inc"/>
        <TopLine Value="139"/>
        <CursorPos X="9" Y="139"/>
        <UsageCount Value="9"/>
      </Unit4>
      <Unit5>
        <Filename Value="..\..\lcl\graphics.pp"/>
        <EditorIndex Value="-1"/>
        <TopLine Value="1742"/>
        <CursorPos X="10" Y="1759"/>
        <UsageCount Value="16"/>
      </Unit5>
      <Unit6>
        <Filename Value="..\..\lcl\graphtype.pp"/>
        <EditorIndex Value="-1"/>
        <TopLine Value="27"/>
        <CursorPos X="3" Y="39"/>
        <UsageCount Value="16"/>
      </Unit6>
      <Unit7>
        <Filename Value="..\..\..\components\ledshape\ledshape.pas"/>
        <UnitName Value="LedShape"/>
        <IsVisibleTab Value="True"/>
        <EditorIndex Value="1"/>
        <CursorPos X="3" Y="126"/>
        <UsageCount Value="10"/>
        <Loaded Value="True"/>
      </Unit7>
    </Units>
    <JumpHistory Count="25" HistoryIndex="24">
      <Position1>
        <Filename Value="main.pas"/>
        <Caret Line="96" Column="23" TopLine="74"/>
      </Position1>
      <Position2>
        <Filename Value="main.pas"/>
        <Caret Line="93" Column="45" TopLine="77"/>
      </Position2>
      <Position3>
        <Filename Value="main.pas"/>
        <Caret Line="95" Column="23" TopLine="77"/>
      </Position3>
      <Position4>
        <Filename Value="main.pas"/>
        <Caret Line="68" Column="75" TopLine="59"/>
      </Position4>
      <Position5>
        <Filename Value="main.pas"/>
        <Caret Line="78" Column="22" TopLine="58"/>
      </Position5>
      <Position6>
        <Filename Value="main.pas"/>
        <Caret Line="79" TopLine="60"/>
      </Position6>
      <Position7>
        <Filename Value="main.pas"/>
        <Caret Line="91" TopLine="69"/>
      </Position7>
      <Position8>
        <Filename Value="main.pas"/>
        <Caret Line="99" Column="9" TopLine="96"/>
      </Position8>
      <Position9>
        <Filename Value="main.pas"/>
        <Caret Line="88" Column="22" TopLine="73"/>
      </Position9>
      <Position10>
        <Filename Value="main.pas"/>
        <Caret Line="104" TopLine="92"/>
      </Position10>
      <Position11>
        <Filename Value="main.pas"/>
      </Position11>
      <Position12>
        <Filename Value="main.pas"/>
        <Caret Line="93" Column="13" TopLine="69"/>
      </Position12>
      <Position13>
        <Filename Value="main.pas"/>
        <Caret Line="67" Column="16" TopLine="55"/>
      </Position13>
      <Position14>
        <Filename Value="main.pas"/>
        <Caret Line="109" Column="17" TopLine="87"/>
      </Position14>
      <Position15>
        <Filename Value="main.pas"/>
        <Caret Line="76" Column="45" TopLine="60"/>
      </Position15>
      <Position16>
        <Filename Value="main.pas"/>
        <Caret Line="132" Column="3" TopLine="130"/>
      </Position16>
      <Position17>
        <Filename Value="main.pas"/>
        <Caret Line="131" Column="3" TopLine="130"/>
      </Position17>
      <Position18>
        <Filename Value="main.pas"/>
        <Caret Line="130" Column="3" TopLine="130"/>
      </Position18>
      <Position19>
        <Filename Value="main.pas"/>
        <Caret Line="40" TopLine="37"/>
      </Position19>
      <Position20>
        <Filename Value="main.pas"/>
        <Caret Line="123" TopLine="106"/>
      </Position20>
      <Position21>
        <Filename Value="main.pas"/>
        <Caret Line="40" TopLine="28"/>
      </Position21>
      <Position22>
        <Filename Value="main.pas"/>
        <Caret Line="64" Column="13" TopLine="40"/>
      </Position22>
      <Position23>
        <Filename Value="main.pas"/>
        <Caret Line="12" Column="30"/>
      </Position23>
      <Position24>
        <Filename Value="main.pas"/>
        <Caret Line="65" Column="29" TopLine="10"/>
      </Position24>
      <Position25>
        <Filename Value="..\..\..\components\ledshape\ledshape.pas"/>
        <Caret Line="14" Column="3" TopLine="188"/>
      </Position25>
    </JumpHistory>
  </ProjectOptions>
  <CompilerOptions>
    <Version Value="11"/>
    <PathDelim Value="\"/>
    <SearchPaths>
      <IncludeFiles Value="$(ProjOutDir)"/>
    </SearchPaths>
    <Parsing>
      <SyntaxOptions>
        <UseAnsiStrings Value="False"/>
      </SyntaxOptions>
    </Parsing>
    <CodeGeneration>
      <Optimizations>
        <OptimizationLevel Value="2"/>
      </Optimizations>
      <SmallerCode Value="True"/>
    </CodeGeneration>
    <Linking>
      <Debugging>
        <GenerateDebugInfo Value="False"/>
        <UseLineInfoUnit Value="False"/>
        <StripSymbols Value="True"/>
      </Debugging>
      <Options>
        <Win32>
          <GraphicApplication Value="True"/>
        </Win32>
      </Options>
    </Linking>
  </CompilerOptions>
  <Debugging>
    <Exceptions Count="3">
      <Item1>
        <Name Value="EAbort"/>
      </Item1>
      <Item2>
        <Name Value="ECodetoolError"/>
      </Item2>
      <Item3>
        <Name Value="EFOpenError"/>
      </Item3>
    </Exceptions>
  </Debugging>
</CONFIG>
